// !$*UTF8*$!
{
	archiveVersion = 1;
	classes = {
	};
	objectVersion = 77;
	objects = {

/* Begin PBXContainerItemProxy section */
		D19411EF2DC84DBD004D9634 /* PBXContainerItemProxy */ = {
			isa = PBXContainerItemProxy;
			containerPortal = D19411D02DC84DBB004D9634 /* Project object */;
			proxyType = 1;
			remoteGlobalIDString = D19411D72DC84DBB004D9634;
			remoteInfo = ColorChanger;
		};
		D19411F92DC84DBD004D9634 /* PBXContainerItemProxy */ = {
			isa = PBXContainerItemProxy;
			containerPortal = D19411D02DC84DBB004D9634 /* Project object */;
			proxyType = 1;
			remoteGlobalIDString = D19411D72DC84DBB004D9634;
			remoteInfo = ColorChanger;
		};
/* End PBXContainerItemProxy section */

/* Begin PBXFileReference section */
		D19411D82DC84DBB004D9634 /* ColorChanger.app */ = {isa = PBXFileReference; explicitFileType = wrapper.application; includeInIndex = 0; path = ColorChanger.app; sourceTree = BUILT_PRODUCTS_DIR; };
		D19411EE2DC84DBD004D9634 /* ColorChangerTests.xctest */ = {isa = PBXFileReference; explicitFileType = wrapper.cfbundle; includeInIndex = 0; path = ColorChangerTests.xctest; sourceTree = BUILT_PRODUCTS_DIR; };
		D19411F82DC84DBD004D9634 /* ColorChangerUITests.xctest */ = {isa = PBXFileReference; explicitFileType = wrapper.cfbundle; includeInIndex = 0; path = ColorChangerUITests.xctest; sourceTree = BUILT_PRODUCTS_DIR; };
/* End PBXFileReference section */

/* Begin PBXFileSystemSynchronizedBuildFileExceptionSet section */
		D19412002DC84DBD004D9634 /* Exceptions for "ColorChanger" folder in "ColorChanger" target */ = {
			isa = PBXFileSystemSynchronizedBuildFileExceptionSet;
			membershipExceptions = (
				Info.plist,
			);
			target = D19411D72DC84DBB004D9634 /* ColorChanger */;
		};
/* End PBXFileSystemSynchronizedBuildFileExceptionSet section */

/* Begin PBXFileSystemSynchronizedRootGroup section */
		D19411DA2DC84DBB004D9634 /* ColorChanger */ = {
			isa = PBXFileSystemSynchronizedRootGroup;
			exceptions = (
				D19412002DC84DBD004D9634 /* Exceptions for "ColorChanger" folder in "ColorChanger" target */,
			);
			path = ColorChanger;
			sourceTree = "<group>";
		};
		D19411F12DC84DBD004D9634 /* ColorChangerTests */ = {
			isa = PBXFileSystemSynchronizedRootGroup;
			path = ColorChangerTests;
			sourceTree = "<group>";
		};
		D19411FB2DC84DBD004D9634 /* ColorChangerUITests */ = {
			isa = PBXFileSystemSynchronizedRootGroup;
			path = ColorChangerUITests;
			sourceTree = "<group>";
		};
/* End PBXFileSystemSynchronizedRootGroup section */

/* Begin PBXFrameworksBuildPhase section */
		D19411D52DC84DBB004D9634 /* Frameworks */ = {
			isa = PBXFrameworksBuildPhase;
			buildActionMask = 2147483647;
			files = (
			);
			runOnlyForDeploymentPostprocessing = 0;
		};
		D19411EB2DC84DBD004D9634 /* Frameworks */ = {
			isa = PBXFrameworksBuildPhase;
			buildActionMask = 2147483647;
			files = (
			);
			runOnlyForDeploymentPostprocessing = 0;
		};
		D19411F52DC84DBD004D9634 /* Frameworks */ = {
			isa = PBXFrameworksBuildPhase;
			buildActionMask = 2147483647;
			files = (
			);
			runOnlyForDeploymentPostprocessing = 0;
		};
/* End PBXFrameworksBuildPhase section */

/* Begin PBXGroup section */
		D19411CF2DC84DBB004D9634 = {
			isa = PBXGroup;
			children = (
				D19411DA2DC84DBB004D9634 /* ColorChanger */,
				D19411F12DC84DBD004D9634 /* ColorChangerTests */,
				D19411FB2DC84DBD004D9634 /* ColorChangerUITests */,
				D19411D92DC84DBB004D9634 /* Products */,
			);
			sourceTree = "<group>";
		};
		D19411D92DC84DBB004D9634 /* Products */ = {
			isa = PBXGroup;
			children = (
				D19411D82DC84DBB004D9634 /* ColorChanger.app */,
				D19411EE2DC84DBD004D9634 /* ColorChangerTests.xctest */,
				D19411F82DC84DBD004D9634 /* ColorChangerUITests.xctest */,
			);
			name = Products;
			sourceTree = "<group>";
		};
/* End PBXGroup section */

/* Begin PBXNativeTarget section */
		D19411D72DC84DBB004D9634 /* ColorChanger */ = {
			isa = PBXNativeTarget;
			buildConfigurationList = D19412012DC84DBD004D9634 /* Build configuration list for PBXNativeTarget "ColorChanger" */;
			buildPhases = (
				D19411D42DC84DBB004D9634 /* Sources */,
				D19411D52DC84DBB004D9634 /* Frameworks */,
				D19411D62DC84DBB004D9634 /* Resources */,
			);
			buildRules = (
			);
			dependencies = (
			);
			fileSystemSynchronizedGroups = (
				D19411DA2DC84DBB004D9634 /* ColorChanger */,
			);
			name = ColorChanger;
			packageProductDependencies = (
			);
			productName = ColorChanger;
			productReference = D19411D82DC84DBB004D9634 /* ColorChanger.app */;
			productType = "com.apple.product-type.application";
		};
		D19411ED2DC84DBD004D9634 /* ColorChangerTests */ = {
			isa = PBXNativeTarget;
			buildConfigurationList = D19412062DC84DBD004D9634 /* Build configuration list for PBXNativeTarget "ColorChangerTests" */;
			buildPhases = (
				D19411EA2DC84DBD004D9634 /* Sources */,
				D19411EB2DC84DBD004D9634 /* Frameworks */,
				D19411EC2DC84DBD004D9634 /* Resources */,
			);
			buildRules = (
			);
			dependencies = (
				D19411F02DC84DBD004D9634 /* PBXTargetDependency */,
			);
			fileSystemSynchronizedGroups = (
				D19411F12DC84DBD004D9634 /* ColorChangerTests */,
			);
			name = ColorChangerTests;
			packageProductDependencies = (
			);
			productName = ColorChangerTests;
			productReference = D19411EE2DC84DBD004D9634 /* ColorChangerTests.xctest */;
			productType = "com.apple.product-type.bundle.unit-test";
		};
		D19411F72DC84DBD004D9634 /* ColorChangerUITests */ = {
			isa = PBXNativeTarget;
			buildConfigurationList = D19412092DC84DBD004D9634 /* Build configuration list for PBXNativeTarget "ColorChangerUITests" */;
			buildPhases = (
				D19411F42DC84DBD004D9634 /* Sources */,
				D19411F52DC84DBD004D9634 /* Frameworks */,
				D19411F62DC84DBD004D9634 /* Resources */,
			);
			buildRules = (
			);
			dependencies = (
				D19411FA2DC84DBD004D9634 /* PBXTargetDependency */,
			);
			fileSystemSynchronizedGroups = (
				D19411FB2DC84DBD004D9634 /* ColorChangerUITests */,
			);
			name = ColorChangerUITests;
			packageProductDependencies = (
			);
			productName = ColorChangerUITests;
			productReference = D19411F82DC84DBD004D9634 /* ColorChangerUITests.xctest */;
			productType = "com.apple.product-type.bundle.ui-testing";
		};
/* End PBXNativeTarget section */

/* Begin PBXProject section */
		D19411D02DC84DBB004D9634 /* Project object */ = {
			isa = PBXProject;
			attributes = {
				BuildIndependentTargetsInParallel = 1;
				LastSwiftUpdateCheck = 1630;
				LastUpgradeCheck = 1630;
				TargetAttributes = {
					D19411D72DC84DBB004D9634 = {
						CreatedOnToolsVersion = 16.3;
					};
					D19411ED2DC84DBD004D9634 = {
						CreatedOnToolsVersion = 16.3;
						TestTargetID = D19411D72DC84DBB004D9634;
					};
					D19411F72DC84DBD004D9634 = {
						CreatedOnToolsVersion = 16.3;
						TestTargetID = D19411D72DC84DBB004D9634;
					};
				};
			};
			buildConfigurationList = D19411D32DC84DBB004D9634 /* Build configuration list for PBXProject "ColorChanger" */;
			developmentRegion = en;
			hasScannedForEncodings = 0;
			knownRegions = (
				en,
				Base,
			);
			mainGroup = D19411CF2DC84DBB004D9634;
			minimizedProjectReferenceProxies = 1;
			preferredProjectObjectVersion = 77;
			productRefGroup = D19411D92DC84DBB004D9634 /* Products */;
			projectDirPath = "";
			projectRoot = "";
			targets = (
				D19411D72DC84DBB004D9634 /* ColorChanger */,
				D19411ED2DC84DBD004D9634 /* ColorChangerTests */,
				D19411F72DC84DBD004D9634 /* ColorChangerUITests */,
			);
		};
/* End PBXProject section */

/* Begin PBXResourcesBuildPhase section */
		D19411D62DC84DBB004D9634 /* Resources */ = {
			isa = PBXResourcesBuildPhase;
			buildActionMask = 2147483647;
			files = (
			);
			runOnlyForDeploymentPostprocessing = 0;
		};
		D19411EC2DC84DBD004D9634 /* Resources */ = {
			isa = PBXResourcesBuildPhase;
			buildActionMask = 2147483647;
			files = (
			);
			runOnlyForDeploymentPostprocessing = 0;
		};
		D19411F62DC84DBD004D9634 /* Resources */ = {
			isa = PBXResourcesBuildPhase;
			buildActionMask = 2147483647;
			files = (
			);
			runOnlyForDeploymentPostprocessing = 0;
		};
/* End PBXResourcesBuildPhase section */

/* Begin PBXSourcesBuildPhase section */
		D19411D42DC84DBB004D9634 /* Sources */ = {
			isa = PBXSourcesBuildPhase;
			buildActionMask = 2147483647;
			files = (
			);
			runOnlyForDeploymentPostprocessing = 0;
		};
		D19411EA2DC84DBD004D9634 /* Sources */ = {
			isa = PBXSourcesBuildPhase;
			buildActionMask = 2147483647;
			files = (
			);
			runOnlyForDeploymentPostprocessing = 0;
		};
		D19411F42DC84DBD004D9634 /* Sources */ = {
			isa = PBXSourcesBuildPhase;
			buildActionMask = 2147483647;
			files = (
			);
			runOnlyForDeploymentPostprocessing = 0;
		};
/* End PBXSourcesBuildPhase section */

/* Begin PBXTargetDependency section */
		D19411F02DC84DBD004D9634 /* PBXTargetDependency */ = {
			isa = PBXTargetDependency;
			target = D19411D72DC84DBB004D9634 /* ColorChanger */;
			targetProxy = D19411EF2DC84DBD004D9634 /* PBXContainerItemProxy */;
		};
		D19411FA2DC84DBD004D9634 /* PBXTargetDependency */ = {
			isa = PBXTargetDependency;
			target = D19411D72DC84DBB004D9634 /* ColorChanger */;
			targetProxy = D19411F92DC84DBD004D9634 /* PBXContainerItemProxy */;
		};
/* End PBXTargetDependency section */

/* Begin XCBuildConfiguration section */
		D19412022DC84DBD004D9634 /* Debug */ = {
			isa = XCBuildConfiguration;
			buildSettings = {
				ASSETCATALOG_COMPILER_APPICON_NAME = AppIcon;
				ASSETCATALOG_COMPILER_GLOBAL_ACCENT_COLOR_NAME = AccentColor;
				CODE_SIGN_STYLE = Automatic;
				CURRENT_PROJECT_VERSION = 1;
				GENERATE_INFOPLIST_FILE = YES;
				INFOPLIST_FILE = ColorChanger/Info.plist;
				INFOPLIST_KEY_UIApplicationSupportsIndirectInputEvents = YES;
				INFOPLIST_KEY_UILaunchStoryboardName = LaunchScreen;
				INFOPLIST_KEY_UIMainStoryboardFile = Main;
				INFOPLIST_KEY_UISupportedInterfaceOrientations_iPad = "UIInterfaceOrientationPortrait UIInterfaceOrientationPortraitUpsideDown UIInterfaceOrientationLandscapeLeft UIInterfaceOrientationLandscapeRight";
				INFOPLIST_KEY_UISupportedInterfaceOrientations_iPhone = "UIInterfaceOrientationPortrait UIInterfaceOrientationLandscapeLeft UIInterfaceOrientationLandscapeRight";
				LD_RUNPATH_SEARCH_PATHS = (
					"$(inherited)",
					"@executable_path/Frameworks",
				);
				MARKETING_VERSION = 1.0;
				PRODUCT_BUNDLE_IDENTIFIER = com.eilyntudares.ColorChanger;
				PRODUCT_NAME = "$(TARGET_NAME)";
				SWIFT_EMIT_LOC_STRINGS = YES;
				SWIFT_VERSION = 5.0;
				TARGETED_DEVICE_FAMILY = "1,2";
			};
			name = Debug;
		};
		D19412032DC84DBD004D9634 /* Release */ = {
			isa = XCBuildConfiguration;
			buildSettings = {
				ASSETCATALOG_COMPILER_APPICON_NAME = AppIcon;
				ASSETCATALOG_COMPILER_GLOBAL_ACCENT_COLOR_NAME = AccentColor;
				CODE_SIGN_STYLE = Automatic;
				CURRENT_PROJECT_VERSION = 1;
				GENERATE_INFOPLIST_FILE = YES;
				INFOPLIST_FILE = ColorChanger/Info.plist;
				INFOPLIST_KEY_UIApplicationSupportsIndirectInputEvents = YES;
				INFOPLIST_KEY_UILaunchStoryboardName = LaunchScreen;
				INFOPLIST_KEY_UIMainStoryboardFile = Main;
				INFOPLIST_KEY_UISupportedInterfaceOrientations_iPad = "UIInterfaceOrientationPortrait UIInterfaceOrientationPortraitUpsideDown UIInterfaceOrientationLandscapeLeft UIInterfaceOrientationLandscapeRight";
				INFOPLIST_KEY_UISupportedInterfaceOrientations_iPhone = "UIInterfaceOrientationPortrait UIInterfaceOrientationLandscapeLeft UIInterfaceOrientationLandscapeRight";
				LD_RUNPATH_SEARCH_PATHS = (
					"$(inherited)",
					"@executable_path/Frameworks",
				);
				MARKETING_VERSION = 1.0;
				PRODUCT_BUNDLE_IDENTIFIER = com.eilyntudares.ColorChanger;
				PRODUCT_NAME = "$(TARGET_NAME)";
				SWIFT_EMIT_LOC_STRINGS = YES;
				SWIFT_VERSION = 5.0;
				TARGETED_DEVICE_FAMILY = "1,2";
			};
			name = Release;
		};
		D19412042DC84DBD004D9634 /* Debug */ = {
			isa = XCBuildConfiguration;
			buildSettings = {
				ALWAYS_SEARCH_USER_PATHS = NO;
				ASSETCATALOG_COMPILER_GENERATE_SWIFT_ASSET_SYMBOL_EXTENSIONS = YES;
				CLANG_ANALYZER_NONNULL = YES;
				CLANG_ANALYZER_NUMBER_OBJECT_CONVERSION = YES_AGGRESSIVE;
				CLANG_CXX_LANGUAGE_STANDARD = "gnu++20";
				CLANG_ENABLE_MODULES = YES;
				CLANG_ENABLE_OBJC_ARC = YES;
				CLANG_ENABLE_OBJC_WEAK = YES;
				CLANG_WARN_BLOCK_CAPTURE_AUTORELEASING = YES;
				CLANG_WARN_BOOL_CONVERSION = YES;
				CLANG_WARN_COMMA = YES;
				CLANG_WARN_CONSTANT_CONVERSION = YES;
				CLANG_WARN_DEPRECATED_OBJC_IMPLEMENTATIONS = YES;
				CLANG_WARN_DIRECT_OBJC_ISA_USAGE = YES_ERROR;
				CLANG_WARN_DOCUMENTATION_COMMENTS = YES;
				CLANG_WARN_EMPTY_BODY = YES;
				CLANG_WARN_ENUM_CONVERSION = YES;
				CLANG_WARN_INFINITE_RECURSION = YES;
				CLANG_WARN_INT_CONVERSION = YES;
				CLANG_WARN_NON_LITERAL_NULL_CONVERSION = YES;
				CLANG_WARN_OBJC_IMPLICIT_RETAIN_SELF = YES;
				CLANG_WARN_OBJC_LITERAL_CONVERSION = YES;
				CLANG_WARN_OBJC_ROOT_CLASS = YES_ERROR;
				CLANG_WARN_QUOTED_INCLUDE_IN_FRAMEWORK_HEADER = YES;
				CLANG_WARN_RANGE_LOOP_ANALYSIS = YES;
				CLANG_WARN_STRICT_PROTOTYPES = YES;
				CLANG_WARN_SUSPICIOUS_MOVE = YES;
				CLANG_WARN_UNGUARDED_AVAILABILITY = YES_AGGRESSIVE;
				CLANG_WARN_UNREACHABLE_CODE = YES;
				CLANG_WARN__DUPLICATE_METHOD_MATCH = YES;
				COPY_PHASE_STRIP = NO;
				DEBUG_INFORMATION_FORMAT = dwarf;
				ENABLE_STRICT_OBJC_MSGSEND = YES;
				ENABLE_TESTABILITY = YES;
				ENABLE_USER_SCRIPT_SANDBOXING = YES;
				GCC_C_LANGUAGE_STANDARD = gnu17;
				GCC_DYNAMIC_NO_PIC = NO;
				GCC_NO_COMMON_BLOCKS = YES;
				GCC_OPTIMIZATION_LEVEL = 0;
				GCC_PREPROCESSOR_DEFINITIONS = (
					"DEBUG=1",
					"$(inherited)",
				);
				GCC_WARN_64_TO_32_BIT_CONVERSION = YES;
				GCC_WARN_ABOUT_RETURN_TYPE = YES_ERROR;
				GCC_WARN_UNDECLARED_SELECTOR = YES;
				GCC_WARN_UNINITIALIZED_AUTOS = YES_AGGRESSIVE;
				GCC_WARN_UNUSED_FUNCTION = YES;
				GCC_WARN_UNUSED_VARIABLE = YES;
				IPHONEOS_DEPLOYMENT_TARGET = 18.4;
				LOCALIZATION_PREFERS_STRING_CATALOGS = YES;
				MTL_ENABLE_DEBUG_INFO = INCLUDE_SOURCE;
				MTL_FAST_MATH = YES;
				ONLY_ACTIVE_ARCH = YES;
				SDKROOT = iphoneos;
				SWIFT_ACTIVE_COMPILATION_CONDITIONS = "DEBUG $(inherited)";
				SWIFT_OPTIMIZATION_LEVEL = "-Onone";
			};
			name = Debug;
		};
		D19412052DC84DBD004D9634 /* Release */ = {
			isa = XCBuildConfiguration;
			buildSettings = {
				ALWAYS_SEARCH_USER_PATHS = NO;
				ASSETCATALOG_COMPILER_GENERATE_SWIFT_ASSET_SYMBOL_EXTENSIONS = YES;
				CLANG_ANALYZER_NONNULL = YES;
				CLANG_ANALYZER_NUMBER_OBJECT_CONVERSION = YES_AGGRESSIVE;
				CLANG_CXX_LANGUAGE_STANDARD = "gnu++20";
				CLANG_ENABLE_MODULES = YES;
				CLANG_ENABLE_OBJC_ARC = YES;
				CLANG_ENABLE_OBJC_WEAK = YES;
				CLANG_WARN_BLOCK_CAPTURE_AUTORELEASING = YES;
				CLANG_WARN_BOOL_CONVERSION = YES;
				CLANG_WARN_COMMA = YES;
				CLANG_WARN_CONSTANT_CONVERSION = YES;
				CLANG_WARN_DEPRECATED_OBJC_IMPLEMENTATIONS = YES;
				CLANG_WARN_DIRECT_OBJC_ISA_USAGE = YES_ERROR;
				CLANG_WARN_DOCUMENTATION_COMMENTS = YES;
				CLANG_WARN_EMPTY_BODY = YES;
				CLANG_WARN_ENUM_CONVERSION = YES;
				CLANG_WARN_INFINITE_RECURSION = YES;
				CLANG_WARN_INT_CONVERSION = YES;
				CLANG_WARN_NON_LITERAL_NULL_CONVERSION = YES;
				CLANG_WARN_OBJC_IMPLICIT_RETAIN_SELF = YES;
				CLANG_WARN_OBJC_LITERAL_CONVERSION = YES;
				CLANG_WARN_OBJC_ROOT_CLASS = YES_ERROR;
				CLANG_WARN_QUOTED_INCLUDE_IN_FRAMEWORK_HEADER = YES;
				CLANG_WARN_RANGE_LOOP_ANALYSIS = YES;
				CLANG_WARN_STRICT_PROTOTYPES = YES;
				CLANG_WARN_SUSPICIOUS_MOVE = YES;
				CLANG_WARN_UNGUARDED_AVAILABILITY = YES_AGGRESSIVE;
				CLANG_WARN_UNREACHABLE_CODE = YES;
				CLANG_WARN__DUPLICATE_METHOD_MATCH = YES;
				COPY_PHASE_STRIP = NO;
				DEBUG_INFORMATION_FORMAT = "dwarf-with-dsym";
				ENABLE_NS_ASSERTIONS = NO;
				ENABLE_STRICT_OBJC_MSGSEND = YES;
				ENABLE_USER_SCRIPT_SANDBOXING = YES;
				GCC_C_LANGUAGE_STANDARD = gnu17;
				GCC_NO_COMMON_BLOCKS = YES;
				GCC_WARN_64_TO_32_BIT_CONVERSION = YES;
				GCC_WARN_ABOUT_RETURN_TYPE = YES_ERROR;
				GCC_WARN_UNDECLARED_SELECTOR = YES;
				GCC_WARN_UNINITIALIZED_AUTOS = YES_AGGRESSIVE;
				GCC_WARN_UNUSED_FUNCTION = YES;
				GCC_WARN_UNUSED_VARIABLE = YES;
				IPHONEOS_DEPLOYMENT_TARGET = 18.4;
				LOCALIZATION_PREFERS_STRING_CATALOGS = YES;
				MTL_ENABLE_DEBUG_INFO = NO;
				MTL_FAST_MATH = YES;
				SDKROOT = iphoneos;
				SWIFT_COMPILATION_MODE = wholemodule;
				VALIDATE_PRODUCT = YES;
			};
			name = Release;
		};
		D19412072DC84DBD004D9634 /* Debug */ = {
			isa = XCBuildConfiguration;
			buildSettings = {
				BUNDLE_LOADER = "$(TEST_HOST)";
				CODE_SIGN_STYLE = Automatic;
				CURRENT_PROJECT_VERSION = 1;
				GENERATE_INFOPLIST_FILE = YES;
				IPHONEOS_DEPLOYMENT_TARGET = 18.4;
				MARKETING_VERSION = 1.0;
				PRODUCT_BUNDLE_IDENTIFIER = com.eilyntudares.ColorChangerTests;
				PRODUCT_NAME = "$(TARGET_NAME)";
				SWIFT_EMIT_LOC_STRINGS = NO;
				SWIFT_VERSION = 5.0;
				TARGETED_DEVICE_FAMILY = "1,2";
				TEST_HOST = "$(BUILT_PRODUCTS_DIR)/ColorChanger.app/$(BUNDLE_EXECUTABLE_FOLDER_PATH)/ColorChanger";
			};
			name = Debug;
		};
		D19412082DC84DBD004D9634 /* Release */ = {
			isa = XCBuildConfiguration;
			buildSettings = {
				BUNDLE_LOADER = "$(TEST_HOST)";
				CODE_SIGN_STYLE = Automatic;
				CURRENT_PROJECT_VERSION = 1;
				GENERATE_INFOPLIST_FILE = YES;
				IPHONEOS_DEPLOYMENT_TARGET = 18.4;
				MARKETING_VERSION = 1.0;
				PRODUCT_BUNDLE_IDENTIFIER = com.eilyntudares.ColorChangerTests;
				PRODUCT_NAME = "$(TARGET_NAME)";
				SWIFT_EMIT_LOC_STRINGS = NO;
				SWIFT_VERSION = 5.0;
				TARGETED_DEVICE_FAMILY = "1,2";
				TEST_HOST = "$(BUILT_PRODUCTS_DIR)/ColorChanger.app/$(BUNDLE_EXECUTABLE_FOLDER_PATH)/ColorChanger";
			};
			name = Release;
		};
		D194120A2DC84DBD004D9634 /* Debug */ = {
			isa = XCBuildConfiguration;
			buildSettings = {
				CODE_SIGN_STYLE = Automatic;
				CURRENT_PROJECT_VERSION = 1;
				GENERATE_INFOPLIST_FILE = YES;
				MARKETING_VERSION = 1.0;
				PRODUCT_BUNDLE_IDENTIFIER = com.eilyntudares.ColorChangerUITests;
				PRODUCT_NAME = "$(TARGET_NAME)";
				SWIFT_EMIT_LOC_STRINGS = NO;
				SWIFT_VERSION = 5.0;
				TARGETED_DEVICE_FAMILY = "1,2";
				TEST_TARGET_NAME = ColorChanger;
			};
			name = Debug;
		};
		D194120B2DC84DBD004D9634 /* Release */ = {
			isa = XCBuildConfiguration;
			buildSettings = {
				CODE_SIGN_STYLE = Automatic;
				CURRENT_PROJECT_VERSION = 1;
				GENERATE_INFOPLIST_FILE = YES;
				MARKETING_VERSION = 1.0;
				PRODUCT_BUNDLE_IDENTIFIER = com.eilyntudares.ColorChangerUITests;
				PRODUCT_NAME = "$(TARGET_NAME)";
				SWIFT_EMIT_LOC_STRINGS = NO;
				SWIFT_VERSION = 5.0;
				TARGETED_DEVICE_FAMILY = "1,2";
				TEST_TARGET_NAME = ColorChanger;
			};
			name = Release;
		};
/* End XCBuildConfiguration section */

/* Begin XCConfigurationList section */
		D19411D32DC84DBB004D9634 /* Build configuration list for PBXProject "ColorChanger" */ = {
			isa = XCConfigurationList;
			buildConfigurations = (
				D19412042DC84DBD004D9634 /* Debug */,
				D19412052DC84DBD004D9634 /* Release */,
			);
			defaultConfigurationIsVisible = 0;
			defaultConfigurationName = Release;
		};
		D19412012DC84DBD004D9634 /* Build configuration list for PBXNativeTarget "ColorChanger" */ = {
			isa = XCConfigurationList;
			buildConfigurations = (
				D19412022DC84DBD004D9634 /* Debug */,
				D19412032DC84DBD004D9634 /* Release */,
			);
			defaultConfigurationIsVisible = 0;
			defaultConfigurationName = Release;
		};
		D19412062DC84DBD004D9634 /* Build configuration list for PBXNativeTarget "ColorChangerTests" */ = {
			isa = XCConfigurationList;
			buildConfigurations = (
				D19412072DC84DBD004D9634 /* Debug */,
				D19412082DC84DBD004D9634 /* Release */,
			);
			defaultConfigurationIsVisible = 0;
			defaultConfigurationName = Release;
		};
		D19412092DC84DBD004D9634 /* Build configuration list for PBXNativeTarget "ColorChangerUITests" */ = {
			isa = XCConfigurationList;
			buildConfigurations = (
				D194120A2DC84DBD004D9634 /* Debug */,
				D194120B2DC84DBD004D9634 /* Release */,
			);
			defaultConfigurationIsVisible = 0;
			defaultConfigurationName = Release;
		};
/* End XCConfigurationList section */
	};
	rootObject = D19411D02DC84DBB004D9634 /* Project object */;
}
